// !$*UTF8*$!
{
	archiveVersion = 1;
	classes = {
	};
	objectVersion = 56;
	objects = {

/* Begin PBXBuildFile section */
		68CF23852AA10A280076F308 /* AppDelegate.swift in Sources */ = {isa = PBXBuildFile; fileRef = 68CF23842AA10A280076F308 /* AppDelegate.swift */; };
		68CF23872AA10A280076F308 /* SceneDelegate.swift in Sources */ = {isa = PBXBuildFile; fileRef = 68CF23862AA10A280076F308 /* SceneDelegate.swift */; };
		68CF23892AA10A280076F308 /* ViewController.swift in Sources */ = {isa = PBXBuildFile; fileRef = 68CF23882AA10A280076F308 /* ViewController.swift */; };
		68CF238C2AA10A280076F308 /* Main.storyboard in Resources */ = {isa = PBXBuildFile; fileRef = 68CF238A2AA10A280076F308 /* Main.storyboard */; };
		68CF238E2AA10A290076F308 /* Assets.xcassets in Resources */ = {isa = PBXBuildFile; fileRef = 68CF238D2AA10A290076F308 /* Assets.xcassets */; };
		68CF23912AA10A290076F308 /* LaunchScreen.storyboard in Resources */ = {isa = PBXBuildFile; fileRef = 68CF238F2AA10A290076F308 /* LaunchScreen.storyboard */; };
		68CF239C2AA10B700076F308 /* RangeSlider in Frameworks */ = {isa = PBXBuildFile; productRef = 68CF239B2AA10B700076F308 /* RangeSlider */; };
/* End PBXBuildFile section */

/* Begin PBXFileReference section */
		68CF23812AA10A280076F308 /* RangeSliderDemo.app */ = {isa = PBXFileReference; explicitFileType = wrapper.application; includeInIndex = 0; path = RangeSliderDemo.app; sourceTree = BUILT_PRODUCTS_DIR; };
		68CF23842AA10A280076F308 /* AppDelegate.swift */ = {isa = PBXFileReference; lastKnownFileType = sourcecode.swift; path = AppDelegate.swift; sourceTree = "<group>"; };
		68CF23862AA10A280076F308 /* SceneDelegate.swift */ = {isa = PBXFileReference; lastKnownFileType = sourcecode.swift; path = SceneDelegate.swift; sourceTree = "<group>"; };
		68CF23882AA10A280076F308 /* ViewController.swift */ = {isa = PBXFileReference; lastKnownFileType = sourcecode.swift; path = ViewController.swift; sourceTree = "<group>"; };
		68CF238B2AA10A280076F308 /* Base */ = {isa = PBXFileReference; lastKnownFileType = file.storyboard; name = Base; path = Base.lproj/Main.storyboard; sourceTree = "<group>"; };
		68CF238D2AA10A290076F308 /* Assets.xcassets */ = {isa = PBXFileReference; lastKnownFileType = folder.assetcatalog; path = Assets.xcassets; sourceTree = "<group>"; };
		68CF23902AA10A290076F308 /* Base */ = {isa = PBXFileReference; lastKnownFileType = file.storyboard; name = Base; path = Base.lproj/LaunchScreen.storyboard; sourceTree = "<group>"; };
		68CF23922AA10A290076F308 /* Info.plist */ = {isa = PBXFileReference; lastKnownFileType = text.plist.xml; path = Info.plist; sourceTree = "<group>"; };
		68CF23992AA10AF80076F308 /* RangeSlider */ = {isa = PBXFileReference; lastKnownFileType = wrapper; name = RangeSlider; path = ..; sourceTree = "<group>"; };
/* End PBXFileReference section */

/* Begin PBXFrameworksBuildPhase section */
		68CF237E2AA10A280076F308 /* Frameworks */ = {
			isa = PBXFrameworksBuildPhase;
			buildActionMask = 2147483647;
			files = (
				68CF239C2AA10B700076F308 /* RangeSlider in Frameworks */,
			);
			runOnlyForDeploymentPostprocessing = 0;
		};
/* End PBXFrameworksBuildPhase section */

/* Begin PBXGroup section */
		68CF23782AA10A280076F308 = {
			isa = PBXGroup;
			children = (
				68CF23982AA10AF80076F308 /* Packages */,
				68CF23832AA10A280076F308 /* RangeSliderDemo */,
				68CF23822AA10A280076F308 /* Products */,
				68CF239A2AA10B700076F308 /* Frameworks */,
			);
			sourceTree = "<group>";
		};
		68CF23822AA10A280076F308 /* Products */ = {
			isa = PBXGroup;
			children = (
				68CF23812AA10A280076F308 /* RangeSliderDemo.app */,
			);
			name = Products;
			sourceTree = "<group>";
		};
		68CF23832AA10A280076F308 /* RangeSliderDemo */ = {
			isa = PBXGroup;
			children = (
				68CF23842AA10A280076F308 /* AppDelegate.swift */,
				68CF23862AA10A280076F308 /* SceneDelegate.swift */,
				68CF23882AA10A280076F308 /* ViewController.swift */,
				68CF238A2AA10A280076F308 /* Main.storyboard */,
				68CF238D2AA10A290076F308 /* Assets.xcassets */,
				68CF238F2AA10A290076F308 /* LaunchScreen.storyboard */,
				68CF23922AA10A290076F308 /* Info.plist */,
			);
			path = RangeSliderDemo;
			sourceTree = "<group>";
		};
		68CF23982AA10AF80076F308 /* Packages */ = {
			isa = PBXGroup;
			children = (
				68CF23992AA10AF80076F308 /* RangeSlider */,
			);
			name = Packages;
			sourceTree = "<group>";
		};
		68CF239A2AA10B700076F308 /* Frameworks */ = {
			isa = PBXGroup;
			children = (
			);
			name = Frameworks;
			sourceTree = "<group>";
		};
/* End PBXGroup section */

/* Begin PBXNativeTarget section */
		68CF23802AA10A280076F308 /* RangeSliderDemo */ = {
			isa = PBXNativeTarget;
			buildConfigurationList = 68CF23952AA10A290076F308 /* Build configuration list for PBXNativeTarget "RangeSliderDemo" */;
			buildPhases = (
				68CF237D2AA10A280076F308 /* Sources */,
				68CF237E2AA10A280076F308 /* Frameworks */,
				68CF237F2AA10A280076F308 /* Resources */,
			);
			buildRules = (
			);
			dependencies = (
			);
			name = RangeSliderDemo;
			packageProductDependencies = (
				68CF239B2AA10B700076F308 /* RangeSlider */,
			);
			productName = RangeSliderDemo;
			productReference = 68CF23812AA10A280076F308 /* RangeSliderDemo.app */;
			productType = "com.apple.product-type.application";
		};
/* End PBXNativeTarget section */

/* Begin PBXProject section */
		68CF23792AA10A280076F308 /* Project object */ = {
			isa = PBXProject;
			attributes = {
				BuildIndependentTargetsInParallel = 1;
				LastSwiftUpdateCheck = 1430;
				LastUpgradeCheck = 1430;
				TargetAttributes = {
					68CF23802AA10A280076F308 = {
						CreatedOnToolsVersion = 14.3.1;
					};
				};
			};
			buildConfigurationList = 68CF237C2AA10A280076F308 /* Build configuration list for PBXProject "RangeSliderDemo" */;
			compatibilityVersion = "Xcode 14.0";
			developmentRegion = en;
			hasScannedForEncodings = 0;
			knownRegions = (
				en,
				Base,
			);
			mainGroup = 68CF23782AA10A280076F308;
			productRefGroup = 68CF23822AA10A280076F308 /* Products */;
			projectDirPath = "";
			projectRoot = "";
			targets = (
				68CF23802AA10A280076F308 /* RangeSliderDemo */,
			);
		};
/* End PBXProject section */

/* Begin PBXResourcesBuildPhase section */
		68CF237F2AA10A280076F308 /* Resources */ = {
			isa = PBXResourcesBuildPhase;
			buildActionMask = 2147483647;
			files = (
				68CF23912AA10A290076F308 /* LaunchScreen.storyboard in Resources */,
				68CF238E2AA10A290076F308 /* Assets.xcassets in Resources */,
				68CF238C2AA10A280076F308 /* Main.storyboard in Resources */,
			);
			runOnlyForDeploymentPostprocessing = 0;
		};
/* End PBXResourcesBuildPhase section */

/* Begin PBXSourcesBuildPhase section */
		68CF237D2AA10A280076F308 /* Sources */ = {
			isa = PBXSourcesBuildPhase;
			buildActionMask = 2147483647;
			files = (
				68CF23892AA10A280076F308 /* ViewController.swift in Sources */,
				68CF23852AA10A280076F308 /* AppDelegate.swift in Sources */,
				68CF23872AA10A280076F308 /* SceneDelegate.swift in Sources */,
			);
			runOnlyForDeploymentPostprocessing = 0;
		};
/* End PBXSourcesBuildPhase section */

/* Begin PBXVariantGroup section */
		68CF238A2AA10A280076F308 /* Main.storyboard */ = {
			isa = PBXVariantGroup;
			children = (
				68CF238B2AA10A280076F308 /* Base */,
			);
			name = Main.storyboard;
			sourceTree = "<group>";
		};
		68CF238F2AA10A290076F308 /* LaunchScreen.storyboard */ = {
			isa = PBXVariantGroup;
			children = (
				68CF23902AA10A290076F308 /* Base */,
			);
			name = LaunchScreen.storyboard;
			sourceTree = "<group>";
		};
/* End PBXVariantGroup section */

/* Begin XCBuildConfiguration section */
		68CF23932AA10A290076F308 /* Debug */ = {
			isa = XCBuildConfiguration;
			buildSettings = {
				ALWAYS_SEARCH_USER_PATHS = NO;
				CLANG_ANALYZER_NONNULL = YES;
				CLANG_ANALYZER_NUMBER_OBJECT_CONVERSION = YES_AGGRESSIVE;
				CLANG_CXX_LANGUAGE_STANDARD = "gnu++20";
				CLANG_ENABLE_MODULES = YES;
				CLANG_ENABLE_OBJC_ARC = YES;
				CLANG_ENABLE_OBJC_WEAK = YES;
				CLANG_WARN_BLOCK_CAPTURE_AUTORELEASING = YES;
				CLANG_WARN_BOOL_CONVERSION = YES;
				CLANG_WARN_COMMA = YES;
				CLANG_WARN_CONSTANT_CONVERSION = YES;
				CLANG_WARN_DEPRECATED_OBJC_IMPLEMENTATIONS = YES;
				CLANG_WARN_DIRECT_OBJC_ISA_USAGE = YES_ERROR;
				CLANG_WARN_DOCUMENTATION_COMMENTS = YES;
				CLANG_WARN_EMPTY_BODY = YES;
				CLANG_WARN_ENUM_CONVERSION = YES;
				CLANG_WARN_INFINITE_RECURSION = YES;
				CLANG_WARN_INT_CONVERSION = YES;
				CLANG_WARN_NON_LITERAL_NULL_CONVERSION = YES;
				CLANG_WARN_OBJC_IMPLICIT_RETAIN_SELF = YES;
				CLANG_WARN_OBJC_LITERAL_CONVERSION = YES;
				CLANG_WARN_OBJC_ROOT_CLASS = YES_ERROR;
				CLANG_WARN_QUOTED_INCLUDE_IN_FRAMEWORK_HEADER = YES;
				CLANG_WARN_RANGE_LOOP_ANALYSIS = YES;
				CLANG_WARN_STRICT_PROTOTYPES = YES;
				CLANG_WARN_SUSPICIOUS_MOVE = YES;
				CLANG_WARN_UNGUARDED_AVAILABILITY = YES_AGGRESSIVE;
				CLANG_WARN_UNREACHABLE_CODE = YES;
				CLANG_WARN__DUPLICATE_METHOD_MATCH = YES;
				COPY_PHASE_STRIP = NO;
				DEBUG_INFORMATION_FORMAT = dwarf;
				ENABLE_STRICT_OBJC_MSGSEND = YES;
				ENABLE_TESTABILITY = YES;
				GCC_C_LANGUAGE_STANDARD = gnu11;
				GCC_DYNAMIC_NO_PIC = NO;
				GCC_NO_COMMON_BLOCKS = YES;
				GCC_OPTIMIZATION_LEVEL = 0;
				GCC_PREPROCESSOR_DEFINITIONS = (
					"DEBUG=1",
					"$(inherited)",
				);
				GCC_WARN_64_TO_32_BIT_CONVERSION = YES;
				GCC_WARN_ABOUT_RETURN_TYPE = YES_ERROR;
				GCC_WARN_UNDECLARED_SELECTOR = YES;
				GCC_WARN_UNINITIALIZED_AUTOS = YES_AGGRESSIVE;
				GCC_WARN_UNUSED_FUNCTION = YES;
				GCC_WARN_UNUSED_VARIABLE = YES;
				IPHONEOS_DEPLOYMENT_TARGET = 16.4;
				MTL_ENABLE_DEBUG_INFO = INCLUDE_SOURCE;
				MTL_FAST_MATH = YES;
				ONLY_ACTIVE_ARCH = YES;
				SDKROOT = iphoneos;
				SWIFT_ACTIVE_COMPILATION_CONDITIONS = DEBUG;
				SWIFT_OPTIMIZATION_LEVEL = "-Onone";
			};
			name = Debug;
		};
		68CF23942AA10A290076F308 /* Release */ = {
			isa = XCBuildConfiguration;
			buildSettings = {
				ALWAYS_SEARCH_USER_PATHS = NO;
				CLANG_ANALYZER_NONNULL = YES;
				CLANG_ANALYZER_NUMBER_OBJECT_CONVERSION = YES_AGGRESSIVE;
				CLANG_CXX_LANGUAGE_STANDARD = "gnu++20";
				CLANG_ENABLE_MODULES = YES;
				CLANG_ENABLE_OBJC_ARC = YES;
				CLANG_ENABLE_OBJC_WEAK = YES;
				CLANG_WARN_BLOCK_CAPTURE_AUTORELEASING = YES;
				CLANG_WARN_BOOL_CONVERSION = YES;
				CLANG_WARN_COMMA = YES;
				CLANG_WARN_CONSTANT_CONVERSION = YES;
				CLANG_WARN_DEPRECATED_OBJC_IMPLEMENTATIONS = YES;
				CLANG_WARN_DIRECT_OBJC_ISA_USAGE = YES_ERROR;
				CLANG_WARN_DOCUMENTATION_COMMENTS = YES;
				CLANG_WARN_EMPTY_BODY = YES;
				CLANG_WARN_ENUM_CONVERSION = YES;
				CLANG_WARN_INFINITE_RECURSION = YES;
				CLANG_WARN_INT_CONVERSION = YES;
				CLANG_WARN_NON_LITERAL_NULL_CONVERSION = YES;
				CLANG_WARN_OBJC_IMPLICIT_RETAIN_SELF = YES;
				CLANG_WARN_OBJC_LITERAL_CONVERSION = YES;
				CLANG_WARN_OBJC_ROOT_CLASS = YES_ERROR;
				CLANG_WARN_QUOTED_INCLUDE_IN_FRAMEWORK_HEADER = YES;
				CLANG_WARN_RANGE_LOOP_ANALYSIS = YES;
				CLANG_WARN_STRICT_PROTOTYPES = YES;
				CLANG_WARN_SUSPICIOUS_MOVE = YES;
				CLANG_WARN_UNGUARDED_AVAILABILITY = YES_AGGRESSIVE;
				CLANG_WARN_UNREACHABLE_CODE = YES;
				CLANG_WARN__DUPLICATE_METHOD_MATCH = YES;
				COPY_PHASE_STRIP = NO;
				DEBUG_INFORMATION_FORMAT = "dwarf-with-dsym";
				ENABLE_NS_ASSERTIONS = NO;
				ENABLE_STRICT_OBJC_MSGSEND = YES;
				GCC_C_LANGUAGE_STANDARD = gnu11;
				GCC_NO_COMMON_BLOCKS = YES;
				GCC_WARN_64_TO_32_BIT_CONVERSION = YES;
				GCC_WARN_ABOUT_RETURN_TYPE = YES_ERROR;
				GCC_WARN_UNDECLARED_SELECTOR = YES;
				GCC_WARN_UNINITIALIZED_AUTOS = YES_AGGRESSIVE;
				GCC_WARN_UNUSED_FUNCTION = YES;
				GCC_WARN_UNUSED_VARIABLE = YES;
				IPHONEOS_DEPLOYMENT_TARGET = 16.4;
				MTL_ENABLE_DEBUG_INFO = NO;
				MTL_FAST_MATH = YES;
				SDKROOT = iphoneos;
				SWIFT_COMPILATION_MODE = wholemodule;
				SWIFT_OPTIMIZATION_LEVEL = "-O";
				VALIDATE_PRODUCT = YES;
			};
			name = Release;
		};
		68CF23962AA10A290076F308 /* Debug */ = {
			isa = XCBuildConfiguration;
			buildSettings = {
				ASSETCATALOG_COMPILER_APPICON_NAME = AppIcon;
				ASSETCATALOG_COMPILER_GLOBAL_ACCENT_COLOR_NAME = AccentColor;
				CODE_SIGN_STYLE = Automatic;
				CURRENT_PROJECT_VERSION = 1;
				DEVELOPMENT_TEAM = 82PBTBJ95K;
				GENERATE_INFOPLIST_FILE = YES;
				INFOPLIST_FILE = RangeSliderDemo/Info.plist;
				INFOPLIST_KEY_UIApplicationSupportsIndirectInputEvents = YES;
				INFOPLIST_KEY_UILaunchStoryboardName = LaunchScreen;
				INFOPLIST_KEY_UIMainStoryboardFile = Main;
				INFOPLIST_KEY_UISupportedInterfaceOrientations_iPad = "UIInterfaceOrientationPortrait UIInterfaceOrientationPortraitUpsideDown UIInterfaceOrientationLandscapeLeft UIInterfaceOrientationLandscapeRight";
				INFOPLIST_KEY_UISupportedInterfaceOrientations_iPhone = "UIInterfaceOrientationPortrait UIInterfaceOrientationLandscapeLeft UIInterfaceOrientationLandscapeRight";
				LD_RUNPATH_SEARCH_PATHS = (
					"$(inherited)",
					"@executable_path/Frameworks",
				);
				MARKETING_VERSION = 1.0;
				PRODUCT_BUNDLE_IDENTIFIER = com.jonnyro.RangeSliderDemo;
				PRODUCT_NAME = "$(TARGET_NAME)";
				SWIFT_EMIT_LOC_STRINGS = YES;
				SWIFT_VERSION = 5.0;
				TARGETED_DEVICE_FAMILY = "1,2";
			};
			name = Debug;
		};
		68CF23972AA10A290076F308 /* Release */ = {
			isa = XCBuildConfiguration;
			buildSettings = {
				ASSETCATALOG_COMPILER_APPICON_NAME = AppIcon;
				ASSETCATALOG_COMPILER_GLOBAL_ACCENT_COLOR_NAME = AccentColor;
				CODE_SIGN_STYLE = Automatic;
				CURRENT_PROJECT_VERSION = 1;
				DEVELOPMENT_TEAM = 82PBTBJ95K;
				GENERATE_INFOPLIST_FILE = YES;
				INFOPLIST_FILE = RangeSliderDemo/Info.plist;
				INFOPLIST_KEY_UIApplicationSupportsIndirectInputEvents = YES;
				INFOPLIST_KEY_UILaunchStoryboardName = LaunchScreen;
				INFOPLIST_KEY_UIMainStoryboardFile = Main;
				INFOPLIST_KEY_UISupportedInterfaceOrientations_iPad = "UIInterfaceOrientationPortrait UIInterfaceOrientationPortraitUpsideDown UIInterfaceOrientationLandscapeLeft UIInterfaceOrientationLandscapeRight";
				INFOPLIST_KEY_UISupportedInterfaceOrientations_iPhone = "UIInterfaceOrientationPortrait UIInterfaceOrientationLandscapeLeft UIInterfaceOrientationLandscapeRight";
				LD_RUNPATH_SEARCH_PATHS = (
					"$(inherited)",
					"@executable_path/Frameworks",
				);
				MARKETING_VERSION = 1.0;
				PRODUCT_BUNDLE_IDENTIFIER = com.jonnyro.RangeSliderDemo;
				PRODUCT_NAME = "$(TARGET_NAME)";
				SWIFT_EMIT_LOC_STRINGS = YES;
				SWIFT_VERSION = 5.0;
				TARGETED_DEVICE_FAMILY = "1,2";
			};
			name = Release;
		};
/* End XCBuildConfiguration section */

/* Begin XCConfigurationList section */
		68CF237C2AA10A280076F308 /* Build configuration list for PBXProject "RangeSliderDemo" */ = {
			isa = XCConfigurationList;
			buildConfigurations = (
				68CF23932AA10A290076F308 /* Debug */,
				68CF23942AA10A290076F308 /* Release */,
			);
			defaultConfigurationIsVisible = 0;
			defaultConfigurationName = Release;
		};
		68CF23952AA10A290076F308 /* Build configuration list for PBXNativeTarget "RangeSliderDemo" */ = {
			isa = XCConfigurationList;
			buildConfigurations = (
				68CF23962AA10A290076F308 /* Debug */,
				68CF23972AA10A290076F308 /* Release */,
			);
			defaultConfigurationIsVisible = 0;
			defaultConfigurationName = Release;
		};
/* End XCConfigurationList section */

/* Begin XCSwiftPackageProductDependency section */
		68CF239B2AA10B700076F308 /* RangeSlider */ = {
			isa = XCSwiftPackageProductDependency;
			productName = RangeSlider;
		};
/* End XCSwiftPackageProductDependency section */
	};
	rootObject = 68CF23792AA10A280076F308 /* Project object */;
}
